<?xml version="1.0" encoding="utf-8"?>
<Project ToolsVersion="4.0" xmlns="http://schemas.microsoft.com/developer/msbuild/2003">
  <ItemGroup>
    <Filter Include="Files">
      <UniqueIdentifier>{51889754-b8b7-445d-977b-20ed10e54efc}</UniqueIdentifier>
    </Filter>
    <Filter Include="System">
      <UniqueIdentifier>{be870294-262d-4b8f-b3d5-9663f9214fb5}</UniqueIdentifier>
    </Filter>
    <Filter Include="System\Engine Sytems">
      <UniqueIdentifier>{9d5daba1-5cf1-41ba-bc12-6a5a63c4f5a6}</UniqueIdentifier>
    </Filter>
    <Filter Include="Meta">
      <UniqueIdentifier>{9e194eb8-8a3c-48fb-820f-abc3c445376f}</UniqueIdentifier>
    </Filter>
    <Filter Include="Data Structures">
      <UniqueIdentifier>{3d61a1ef-f75d-4f7d-860e-4f4a92a21b9b}</UniqueIdentifier>
    </Filter>
    <Filter Include="Data Structures\Linked">
      <UniqueIdentifier>{3c5dc4cb-02ac-4fda-ad76-ed0bf8b1a325}</UniqueIdentifier>
    </Filter>
    <Filter Include="Data Structures\Array">
      <UniqueIdentifier>{430b9315-31ef-4c9e-a241-e56713c92cc7}</UniqueIdentifier>
    </Filter>
    <Filter Include="Deprecated / Old code">
      <UniqueIdentifier>{b85f0123-9308-4b91-b462-2ed02c554e55}</UniqueIdentifier>
    </Filter>
    <Filter Include="Objects">
      <UniqueIdentifier>{268b37ae-62b8-4fa4-8f77-52d215e30623}</UniqueIdentifier>
    </Filter>
    <Filter Include="Objects\Linear Algebra">
      <UniqueIdentifier>{937b3480-1ac7-4f0f-b63f-7d2048c72791}</UniqueIdentifier>
    </Filter>
    <Filter Include="System\Engine Sytems\Collision">
      <UniqueIdentifier>{48efcf06-6b34-4944-a438-409b9f78b9fb}</UniqueIdentifier>
    </Filter>
    <Filter Include="System\Engine Sytems\Content">
      <UniqueIdentifier>{97831d82-6da4-4523-9e7c-c11bbfa7a43f}</UniqueIdentifier>
    </Filter>
    <Filter Include="System\Engine Sytems\Atomic">
      <UniqueIdentifier>{dcd1d180-848d-4eb9-9209-f3a20b9af0ff}</UniqueIdentifier>
    </Filter>
    <Filter Include="System\Engine Sytems\Graphics">
      <UniqueIdentifier>{7593df05-a07d-4ee9-aa1d-0f8ec32b1ad6}</UniqueIdentifier>
    </Filter>
    <Filter Include="Data Structures\Hash">
      <UniqueIdentifier>{b7096ef8-c80d-4ed6-808b-cf1e46d40d0d}</UniqueIdentifier>
    </Filter>
    <Filter Include="Objects\Texture">
      <UniqueIdentifier>{d132b73e-a07b-483f-aad1-e165c88b08c2}</UniqueIdentifier>
    </Filter>
    <Filter Include="Games">
      <UniqueIdentifier>{c58b7dd9-b277-413e-a6cc-0ae2f3724b71}</UniqueIdentifier>
    </Filter>
    <Filter Include="Games\Debugging Games">
      <UniqueIdentifier>{67fb6670-9184-44bb-a8d0-5a8ad839c047}</UniqueIdentifier>
    </Filter>
    <Filter Include="Games\GGJ Game">
      <UniqueIdentifier>{dbe7fe55-13ac-4694-ae31-aab3d832bbf2}</UniqueIdentifier>
    </Filter>
    <Filter Include="Games\Shoot %27em Up Demo">
      <UniqueIdentifier>{6108bc7f-7b0f-4fdb-a99c-baa072a7ad92}</UniqueIdentifier>
    </Filter>
    <Filter Include="Games\Shoot %27em Up Demo\Objects">
      <UniqueIdentifier>{beb748dc-0ec3-44fc-810a-85fa896dd228}</UniqueIdentifier>
    </Filter>
    <Filter Include="Files\Shoot">
      <UniqueIdentifier>{47aafb7a-9d48-4c4d-8538-3375863bcc07}</UniqueIdentifier>
    </Filter>
    <Filter Include="System\Engine Sytems\Audio">
      <UniqueIdentifier>{13df672e-b81e-4d95-b741-ee1668f5cd00}</UniqueIdentifier>
    </Filter>
    <Filter Include="Games\Scrolling Demo">
      <UniqueIdentifier>{e9a3763f-99a9-4c08-8dba-b8154edd2567}</UniqueIdentifier>
    </Filter>
    <Filter Include="Games\GGJ Game\Objects">
      <UniqueIdentifier>{6959e361-e8b2-4eba-9910-13bb7a47870b}</UniqueIdentifier>
    </Filter>
    <Filter Include="Games\GGJ Game\Enums">
      <UniqueIdentifier>{7c8aebe7-914a-4856-bae5-ad6050ec7bbf}</UniqueIdentifier>
    </Filter>
  </ItemGroup>
  <ItemGroup>
    <ClInclude Include="gsEngine.h">
      <Filter>System</Filter>
    </ClInclude>
    <ClInclude Include="gsGame.h">
      <Filter>System</Filter>
    </ClInclude>
    <ClInclude Include="gsConfig.h">
      <Filter>Meta</Filter>
    </ClInclude>
    <ClInclude Include="gsMacros.h">
      <Filter>Meta</Filter>
    </ClInclude>
    <ClInclude Include="gsDebugGame_Graphics.h">
      <Filter>Games\Debugging Games</Filter>
    </ClInclude>
    <ClInclude Include="gsGameObject.h">
      <Filter>System</Filter>
    </ClInclude>
    <ClInclude Include="gsLinkedList.h">
      <Filter>Data Structures\Linked</Filter>
    </ClInclude>
    <ClInclude Include="gsNode.h">
      <Filter>Data Structures\Linked</Filter>
    </ClInclude>
    <ClInclude Include="gsArrayList.h">
      <Filter>Data Structures\Array</Filter>
    </ClInclude>
    <ClInclude Include="gsDebugGame_DataStrutures.h">
      <Filter>Games\Debugging Games</Filter>
    </ClInclude>
    <ClInclude Include="gsMesh.h">
      <Filter>Objects</Filter>
    </ClInclude>
    <ClInclude Include="gsAxis.h">
      <Filter>Objects\Linear Algebra</Filter>
    </ClInclude>
    <ClInclude Include="gsColor.h">
      <Filter>Objects\Linear Algebra</Filter>
    </ClInclude>
    <ClInclude Include="gsPlane.h">
      <Filter>Objects\Linear Algebra</Filter>
    </ClInclude>
    <ClInclude Include="gsTriangle.h">
      <Filter>Objects\Linear Algebra</Filter>
    </ClInclude>
    <ClInclude Include="gsVector2.h">
      <Filter>Objects\Linear Algebra</Filter>
    </ClInclude>
    <ClInclude Include="gsVector3.h">
      <Filter>Objects\Linear Algebra</Filter>
    </ClInclude>
    <ClInclude Include="gsGeometric.h">
      <Filter>Deprecated / Old code</Filter>
    </ClInclude>
    <ClInclude Include="gsMathematics.h">
      <Filter>Deprecated / Old code</Filter>
    </ClInclude>
    <ClInclude Include="gsOpenGL.h" />
    <ClInclude Include="glMain.h">
      <Filter>Deprecated / Old code</Filter>
    </ClInclude>
    <ClInclude Include="gsCamera.h">
      <Filter>Deprecated / Old code</Filter>
    </ClInclude>
    <ClInclude Include="gsTransform.h">
      <Filter>Objects</Filter>
    </ClInclude>
    <ClInclude Include="gsFilehandler.h">
      <Filter>System\Engine Sytems\Content</Filter>
    </ClInclude>
    <ClInclude Include="gsGraphics.h">
      <Filter>System\Engine Sytems\Graphics</Filter>
    </ClInclude>
    <ClInclude Include="gsClock.h">
      <Filter>System\Engine Sytems\Atomic</Filter>
    </ClInclude>
    <ClInclude Include="gsInput.h">
      <Filter>System\Engine Sytems\Atomic</Filter>
    </ClInclude>
    <ClInclude Include="gsLogger.h">
      <Filter>System\Engine Sytems\Atomic</Filter>
    </ClInclude>
    <ClInclude Include="gsRandom.h">
      <Filter>System\Engine Sytems\Atomic</Filter>
    </ClInclude>
    <ClInclude Include="gsCollisionProxy.h">
      <Filter>System\Engine Sytems\Collision</Filter>
    </ClInclude>
    <ClInclude Include="gsCollision.h">
      <Filter>System\Engine Sytems\Collision</Filter>
    </ClInclude>
    <ClInclude Include="gsCollisionInfo.h">
      <Filter>System\Engine Sytems\Collision</Filter>
    </ClInclude>
    <ClInclude Include="gsDebugGame_Collisions.h">
      <Filter>Games\Debugging Games</Filter>
    </ClInclude>
    <ClInclude Include="gsDebugGame_TextureLoading.h">
      <Filter>Games\Debugging Games</Filter>
    </ClInclude>
    <ClInclude Include="gsHashMap.h">
      <Filter>Data Structures\Hash</Filter>
    </ClInclude>
    <ClInclude Include="gsAnimationClip.h">
      <Filter>Objects\Texture</Filter>
    </ClInclude>
    <ClInclude Include="gsSpriteSheet.h">
      <Filter>Objects\Texture</Filter>
    </ClInclude>
    <ClInclude Include="gsTexture.h">
      <Filter>Objects\Texture</Filter>
    </ClInclude>
    <ClInclude Include="gsHashNode.h">
      <Filter>Deprecated / Old code</Filter>
    </ClInclude>
    <ClInclude Include="gsKeyValue.h">
      <Filter>Data Structures\Hash</Filter>
    </ClInclude>
    <ClInclude Include="gsDebugGame_Input.h">
      <Filter>Games\Debugging Games</Filter>
    </ClInclude>
    <ClInclude Include="gsDebugGame_GameLoop.h">
      <Filter>Games\Debugging Games</Filter>
    </ClInclude>
    <ClInclude Include="gsShootEmUpGame.h">
      <Filter>Games\Shoot %27em Up Demo</Filter>
    </ClInclude>
    <ClInclude Include="gsShootEmUp_Player.h">
      <Filter>Games\Shoot %27em Up Demo\Objects</Filter>
    </ClInclude>
    <ClInclude Include="gsShootEmUp_Bullet.h">
      <Filter>Games\Shoot %27em Up Demo\Objects</Filter>
    </ClInclude>
    <ClInclude Include="gsShootEmUp_Enemy.h">
      <Filter>Games\Shoot %27em Up Demo\Objects</Filter>
    </ClInclude>
    <ClInclude Include="gsShootEmUp_EnemySpawner.h">
      <Filter>Games\Shoot %27em Up Demo\Objects</Filter>
    </ClInclude>
    <ClInclude Include="gsShootEmUpObject.h">
      <Filter>Games\Shoot %27em Up Demo</Filter>
    </ClInclude>
    <ClInclude Include="gsShootEmUpObjectTag.h">
      <Filter>Games\Shoot %27em Up Demo</Filter>
    </ClInclude>
    <ClInclude Include="gsContent.h">
      <Filter>System\Engine Sytems\Content</Filter>
    </ClInclude>
    <ClInclude Include="gsSystem.h">
      <Filter>System\Engine Sytems</Filter>
    </ClInclude>
    <ClInclude Include="gsWindow.h">
      <Filter>System\Engine Sytems\Graphics</Filter>
    </ClInclude>
    <ClInclude Include="gsAudio.h">
      <Filter>System\Engine Sytems\Audio</Filter>
    </ClInclude>
    <ClInclude Include="gsScrollingDemo.h">
      <Filter>Games\Scrolling Demo</Filter>
    </ClInclude>
    <ClInclude Include="gsGGJGame.h">
      <Filter>Games\GGJ Game</Filter>
    </ClInclude>
    <ClInclude Include="gsGGJGlobals.h">
      <Filter>Games\GGJ Game</Filter>
    </ClInclude>
    <ClInclude Include="gsGGJShip.h">
      <Filter>Games\GGJ Game\Objects</Filter>
    </ClInclude>
    <ClInclude Include="gsGGJObject.h">
      <Filter>Games\GGJ Game</Filter>
    </ClInclude>
    <ClInclude Include="gsGGJTag.h">
      <Filter>Games\GGJ Game\Enums</Filter>
    </ClInclude>
    <ClInclude Include="gsGGJPhase.h">
      <Filter>Games\GGJ Game\Enums</Filter>
    </ClInclude>
    <ClInclude Include="gsGGJBulletType.h">
      <Filter>Games\GGJ Game\Enums</Filter>
    </ClInclude>
    <ClInclude Include="gsGGJPlayer.h">
      <Filter>Games\GGJ Game\Objects</Filter>
    </ClInclude>
    <ClInclude Include="gsGGJBullet.h">
      <Filter>Games\GGJ Game\Objects</Filter>
    </ClInclude>
    <ClInclude Include="gsGGJEnemy.h">
      <Filter>Games\GGJ Game\Objects</Filter>
    </ClInclude>
    <ClInclude Include="gsGGJEnemySpawner.h">
      <Filter>Games\GGJ Game\Objects</Filter>
    </ClInclude>
    <ClInclude Include="gsGGJShop.h">
      <Filter>Games\GGJ Game\Objects</Filter>
    </ClInclude>
    <ClInclude Include="gsGJJNumber.h" />
  </ItemGroup>
  <ItemGroup>
    <ClCompile Include="gsMain.cpp" />
    <ClCompile Include="gsEngine.cpp">
      <Filter>System</Filter>
    </ClCompile>
    <ClCompile Include="gsDebugGame_GameLoop.cpp">
      <Filter>Games\Debugging Games</Filter>
    </ClCompile>
    <ClCompile Include="gsDebugGame_Graphics.cpp">
      <Filter>Games\Debugging Games</Filter>
    </ClCompile>
    <ClCompile Include="gsDebugGame_DataStrutures.cpp">
      <Filter>Games\Debugging Games</Filter>
    </ClCompile>
    <ClCompile Include="gsGgeometric.cpp">
      <Filter>Deprecated / Old code</Filter>
    </ClCompile>
    <ClCompile Include="gsMathematic.cpp">
      <Filter>Deprecated / Old code</Filter>
    </ClCompile>
    <ClCompile Include="gsColor.cpp">
      <Filter>Objects\Linear Algebra</Filter>
    </ClCompile>
    <ClCompile Include="gsPlane.cpp">
      <Filter>Objects\Linear Algebra</Filter>
    </ClCompile>
    <ClCompile Include="gsTriangle.cpp">
      <Filter>Objects\Linear Algebra</Filter>
    </ClCompile>
    <ClCompile Include="gsVector2.cpp">
      <Filter>Objects\Linear Algebra</Filter>
    </ClCompile>
    <ClCompile Include="gsVector3.cpp">
      <Filter>Objects\Linear Algebra</Filter>
    </ClCompile>
    <ClCompile Include="gsCamera.cpp">
      <Filter>Deprecated / Old code</Filter>
    </ClCompile>
    <ClCompile Include="gsMesh.cpp">
      <Filter>Objects</Filter>
    </ClCompile>
    <ClCompile Include="gsFilehandler.cpp">
      <Filter>System\Engine Sytems\Content</Filter>
    </ClCompile>
    <ClCompile Include="gsGraphics.cpp">
      <Filter>System\Engine Sytems\Graphics</Filter>
    </ClCompile>
    <ClCompile Include="gsClock.cpp">
      <Filter>System\Engine Sytems\Atomic</Filter>
    </ClCompile>
    <ClCompile Include="gsInput.cpp">
      <Filter>System\Engine Sytems\Atomic</Filter>
    </ClCompile>
    <ClCompile Include="gsLogger.cpp">
      <Filter>System\Engine Sytems\Atomic</Filter>
    </ClCompile>
    <ClCompile Include="gsRandom.cpp">
      <Filter>System\Engine Sytems\Atomic</Filter>
    </ClCompile>
    <ClCompile Include="gsCollisionProxy.cpp">
      <Filter>System\Engine Sytems\Collision</Filter>
    </ClCompile>
    <ClCompile Include="gsCollision.cpp">
      <Filter>System\Engine Sytems\Collision</Filter>
    </ClCompile>
    <ClCompile Include="gsDebugGame_Collisions.cpp">
      <Filter>Games\Debugging Games</Filter>
    </ClCompile>
    <ClCompile Include="gsDebugGame_TextureLoading.cpp">
      <Filter>Games\Debugging Games</Filter>
    </ClCompile>
    <ClCompile Include="gsTransform.cpp">
      <Filter>Objects</Filter>
    </ClCompile>
    <ClCompile Include="gsAnimationClip.cpp">
      <Filter>Objects\Texture</Filter>
    </ClCompile>
    <ClCompile Include="gsSpriteSheet.cpp">
      <Filter>Objects\Texture</Filter>
    </ClCompile>
    <ClCompile Include="gsTexture.cpp">
      <Filter>Objects\Texture</Filter>
    </ClCompile>
    <ClCompile Include="gsDebugGame_Input.cpp">
      <Filter>Games\Debugging Games</Filter>
    </ClCompile>
    <ClCompile Include="gsShootEmUpGame.cpp">
      <Filter>Games\Shoot %27em Up Demo</Filter>
    </ClCompile>
    <ClCompile Include="gsShootEmUp_Player.cpp">
      <Filter>Games\Shoot %27em Up Demo\Objects</Filter>
    </ClCompile>
    <ClCompile Include="gsShootEmUp_Enemy.cpp">
      <Filter>Games\Shoot %27em Up Demo\Objects</Filter>
    </ClCompile>
    <ClCompile Include="gsShootEmUp_Bullet.cpp">
      <Filter>Games\Shoot %27em Up Demo\Objects</Filter>
    </ClCompile>
    <ClCompile Include="gsShootEmUp_EnemySpawner.cpp">
      <Filter>Games\Shoot %27em Up Demo\Objects</Filter>
    </ClCompile>
    <ClCompile Include="gsContent.cpp">
      <Filter>System\Engine Sytems\Content</Filter>
    </ClCompile>
    <ClCompile Include="gsWindow.cpp">
      <Filter>System\Engine Sytems\Graphics</Filter>
    </ClCompile>
    <ClCompile Include="gsAudio.cpp">
      <Filter>System\Engine Sytems\Audio</Filter>
    </ClCompile>
    <ClCompile Include="gsScrollingDemo.cpp">
      <Filter>Games\Scrolling Demo</Filter>
    </ClCompile>
    <ClCompile Include="gsGGJGlobals.cpp">
      <Filter>Games\GGJ Game</Filter>
    </ClCompile>
    <ClCompile Include="gsGGJGame.cpp">
      <Filter>Games\GGJ Game</Filter>
    </ClCompile>
    <ClCompile Include="gsGGJPlayer.cpp">
      <Filter>Games\GGJ Game\Objects</Filter>
    </ClCompile>
    <ClCompile Include="gsGGJBullet.cpp">
      <Filter>Games\GGJ Game\Objects</Filter>
    </ClCompile>
    <ClCompile Include="gsGGJEnemy.cpp">
      <Filter>Games\GGJ Game\Objects</Filter>
    </ClCompile>
    <ClCompile Include="gsGGJEnemySpawner.cpp">
      <Filter>Games\GGJ Game\Objects</Filter>
    </ClCompile>
    <ClCompile Include="gsGGJShop.cpp">
      <Filter>Games\GGJ Game\Objects</Filter>
    </ClCompile>
    <ClCompile Include="gsGJJNumber.cpp" />
  </ItemGroup>
  <ItemGroup>
    <Image Include="gondar_texture.jpg">
      <Filter>Files</Filter>
    </Image>
    <Image Include="explosion_spritesheet.png">
      <Filter>Files</Filter>
    </Image>
    <Image Include="scarlet_walk.png">
      <Filter>Files</Filter>
    </Image>
    <Image Include="Nova pasta\enemy_bullet.png">
      <Filter>Files\Shoot</Filter>
    </Image>
    <Image Include="Nova pasta\enemy_sheet.png">
      <Filter>Files\Shoot</Filter>
    </Image>
    <Image Include="Nova pasta\player_bullet.png">
      <Filter>Files\Shoot</Filter>
    </Image>
    <Image Include="Nova pasta\player_sheet.png">
      <Filter>Files\Shoot</Filter>
    </Image>
    <Image Include="Shoot\player_starting.png">
      <Filter>Files\Shoot</Filter>
    </Image>
    <Image Include="Shoot\player_walking.png">
      <Filter>Files\Shoot</Filter>
    </Image>
    <Image Include="Shoot\player_walking_broken.png">
      <Filter>Files\Shoot</Filter>
    </Image>
  </ItemGroup>
</Project>