<?xml version="1.0" encoding="utf-8"?>
<Project ToolsVersion="4.0" xmlns="http://schemas.microsoft.com/developer/msbuild/2003">
  <ItemGroup>
    <Filter Include="Files">
      <UniqueIdentifier>{51889754-b8b7-445d-977b-20ed10e54efc}</UniqueIdentifier>
    </Filter>
    <Filter Include="Math">
      <UniqueIdentifier>{268b37ae-62b8-4fa4-8f77-52d215e30623}</UniqueIdentifier>
    </Filter>
    <Filter Include="System">
      <UniqueIdentifier>{be870294-262d-4b8f-b3d5-9663f9214fb5}</UniqueIdentifier>
    </Filter>
    <Filter Include="OpenGL">
      <UniqueIdentifier>{c177decc-bfbc-4c00-a14b-b4a26f60df8c}</UniqueIdentifier>
    </Filter>
    <Filter Include="System\Engine Sytems">
      <UniqueIdentifier>{9d5daba1-5cf1-41ba-bc12-6a5a63c4f5a6}</UniqueIdentifier>
    </Filter>
    <Filter Include="Meta">
      <UniqueIdentifier>{9e194eb8-8a3c-48fb-820f-abc3c445376f}</UniqueIdentifier>
    </Filter>
  </ItemGroup>
  <ItemGroup>
    <ClInclude Include="glMain.h">
      <Filter>OpenGL</Filter>
    </ClInclude>
    <ClInclude Include="gsCamera.h">
      <Filter>OpenGL</Filter>
    </ClInclude>
    <ClInclude Include="gsMathematics.h">
      <Filter>Math</Filter>
    </ClInclude>
    <ClInclude Include="gsGeometric.h">
      <Filter>Math</Filter>
    </ClInclude>
    <ClInclude Include="gsClock.h">
      <Filter>System\Engine Sytems</Filter>
    </ClInclude>
    <ClInclude Include="gsInput.h">
      <Filter>System\Engine Sytems</Filter>
    </ClInclude>
    <ClInclude Include="gsRandom.h">
      <Filter>System\Engine Sytems</Filter>
    </ClInclude>
    <ClInclude Include="gsFilehandler.h">
      <Filter>System\Engine Sytems</Filter>
    </ClInclude>
    <ClInclude Include="gsEngine.h">
      <Filter>System</Filter>
    </ClInclude>
    <ClInclude Include="gsGame.h">
      <Filter>System</Filter>
    </ClInclude>
    <ClInclude Include="gsGraphics.h">
      <Filter>System\Engine Sytems</Filter>
    </ClInclude>
    <ClInclude Include="gsConfig.h">
      <Filter>Meta</Filter>
    </ClInclude>
    <ClInclude Include="gsMacros.h">
      <Filter>Meta</Filter>
    </ClInclude>
    <ClInclude Include="gsIncludeOpenGL.h">
      <Filter>OpenGL</Filter>
    </ClInclude>
    <ClInclude Include="gsWindow.h">
      <Filter>System\Engine Sytems</Filter>
    </ClInclude>
    <ClInclude Include="gsLogger.h">
      <Filter>System\Engine Sytems</Filter>
    </ClInclude>
  </ItemGroup>
  <ItemGroup>
    <ClCompile Include="gsMain.cpp" />
    <ClCompile Include="gsCamera.cpp">
      <Filter>OpenGL</Filter>
    </ClCompile>
    <ClCompile Include="gsMathematic.cpp">
      <Filter>Math</Filter>
    </ClCompile>
    <ClCompile Include="gsGgeometric.cpp">
      <Filter>Math</Filter>
    </ClCompile>
    <ClCompile Include="gsClock.cpp">
      <Filter>System\Engine Sytems</Filter>
    </ClCompile>
    <ClCompile Include="gsInput.cpp">
      <Filter>System\Engine Sytems</Filter>
    </ClCompile>
    <ClCompile Include="gsRandom.cpp">
      <Filter>System\Engine Sytems</Filter>
    </ClCompile>
    <ClCompile Include="gsFilehandler.cpp">
      <Filter>System\Engine Sytems</Filter>
    </ClCompile>
    <ClCompile Include="gsEngine.cpp">
      <Filter>System</Filter>
    </ClCompile>
    <ClCompile Include="gsGraphics.cpp">
      <Filter>System\Engine Sytems</Filter>
    </ClCompile>
    <ClCompile Include="gsWindow.cpp">
      <Filter>System\Engine Sytems</Filter>
    </ClCompile>
    <ClCompile Include="gsLogger.cpp">
      <Filter>System\Engine Sytems</Filter>
    </ClCompile>
  </ItemGroup>
</Project>