<?xml version="1.0" encoding="utf-8"?>
<Project ToolsVersion="4.0" xmlns="http://schemas.microsoft.com/developer/msbuild/2003">
  <ItemGroup>
    <Filter Include="Files">
      <UniqueIdentifier>{51889754-b8b7-445d-977b-20ed10e54efc}</UniqueIdentifier>
    </Filter>
    <Filter Include="Math">
      <UniqueIdentifier>{268b37ae-62b8-4fa4-8f77-52d215e30623}</UniqueIdentifier>
    </Filter>
    <Filter Include="System">
      <UniqueIdentifier>{be870294-262d-4b8f-b3d5-9663f9214fb5}</UniqueIdentifier>
    </Filter>
    <Filter Include="OpenGL">
      <UniqueIdentifier>{c177decc-bfbc-4c00-a14b-b4a26f60df8c}</UniqueIdentifier>
    </Filter>
  </ItemGroup>
  <ItemGroup>
    <ClInclude Include="mathematics.h">
      <Filter>Math</Filter>
    </ClInclude>
    <ClInclude Include="filehandler.h">
      <Filter>System</Filter>
    </ClInclude>
    <ClInclude Include="geometric.h">
      <Filter>Math</Filter>
    </ClInclude>
    <ClInclude Include="camera.h">
      <Filter>OpenGL</Filter>
    </ClInclude>
    <ClInclude Include="glMain.h">
      <Filter>OpenGL</Filter>
    </ClInclude>
    <ClInclude Include="input.h">
      <Filter>System</Filter>
    </ClInclude>
    <ClInclude Include="clock.h">
      <Filter>System</Filter>
    </ClInclude>
    <ClInclude Include="random.h">
      <Filter>System</Filter>
    </ClInclude>
  </ItemGroup>
  <ItemGroup>
    <ClCompile Include="mathematic.cpp">
      <Filter>Math</Filter>
    </ClCompile>
    <ClCompile Include="filehandler.cpp">
      <Filter>System</Filter>
    </ClCompile>
    <ClCompile Include="geometric.cpp">
      <Filter>Math</Filter>
    </ClCompile>
    <ClCompile Include="camera.cpp">
      <Filter>OpenGL</Filter>
    </ClCompile>
    <ClCompile Include="main.cpp" />
    <ClCompile Include="input.cpp">
      <Filter>System</Filter>
    </ClCompile>
    <ClCompile Include="clock.cpp">
      <Filter>System</Filter>
    </ClCompile>
    <ClCompile Include="random.cpp">
      <Filter>System</Filter>
    </ClCompile>
  </ItemGroup>
</Project>